
Microsoft Visual Studio Solution File, Format Version 12.00
# Visual Studio 15
Project("{FAE04EC0-301F-11D3-BF4B-00C04F79EFBC}") = "UnityEngine.TestRunner", "UnityEngine.TestRunner.csproj", "{6965E71B-C653-6DAA-F216-0A152A8A39C5}"
EndProject
Project("{FAE04EC0-301F-11D3-BF4B-00C04F79EFBC}") = "Unity.Mathematics", "Unity.Mathematics.csproj", "{F9BE86EF-CAE4-2A52-B39B-E25DCD5D3A95}"
EndProject
Project("{FAE04EC0-301F-11D3-BF4B-00C04F79EFBC}") = "Unity.InputSystem", "Unity.InputSystem.csproj", "{095EC88D-5260-7468-5AAB-F2501D75764C}"
EndProject
Project("{FAE04EC0-301F-11D3-BF4B-00C04F79EFBC}") = "AstarPathfindingProject", "AstarPathfindingProject.csproj", "{5CC390AC-19FF-A5B3-910B-ACED71410EF5}"
EndProject
Project("{FAE04EC0-301F-11D3-BF4B-00C04F79EFBC}") = "Unity.2D.Animation.Triangle.Runtime", "Unity.2D.Animation.Triangle.Runtime.csproj", "{120D8A90-D6AB-33C4-3DB0-6AAB9D108AF8}"
EndProject
Project("{FAE04EC0-301F-11D3-BF4B-00C04F79EFBC}") = "Unity.Timeline", "Unity.Timeline.csproj", "{4AC21E4A-DE57-3092-773B-50B0E9A42819}"
EndProject
Project("{FAE04EC0-301F-11D3-BF4B-00C04F79EFBC}") = "UnityEngine.UI", "UnityEngine.UI.csproj", "{49270429-3017-E224-92A4-06261CBF522B}"
EndProject
Project("{FAE04EC0-301F-11D3-BF4B-00C04F79EFBC}") = "Unity.TextMeshPro", "Unity.TextMeshPro.csproj", "{91116483-168D-9610-8454-3FD8F496705F}"
EndProject
Project("{FAE04EC0-301F-11D3-BF4B-00C04F79EFBC}") = "Unity.2D.Animation.Runtime", "Unity.2D.Animation.Runtime.csproj", "{ED65FE76-B8FE-4443-A2D7-7E3607675FD7}"
EndProject
Project("{FAE04EC0-301F-11D3-BF4B-00C04F79EFBC}") = "Assembly-CSharp", "Assembly-CSharp.csproj", "{5154518E-2744-5D9A-7526-CCD6A1DFC2EC}"
EndProject
Project("{FAE04EC0-301F-11D3-BF4B-00C04F79EFBC}") = "Unity.2D.IK.Runtime", "Unity.2D.IK.Runtime.csproj", "{7F49C262-90C9-30A9-EDE0-459F71294EA2}"
EndProject
Project("{FAE04EC0-301F-11D3-BF4B-00C04F79EFBC}") = "Unity.2D.SpriteShape.Runtime", "Unity.2D.SpriteShape.Runtime.csproj", "{F45B79DA-C0A7-789E-39A6-124246C705A0}"
EndProject
Project("{FAE04EC0-301F-11D3-BF4B-00C04F79EFBC}") = "Unity.2D.PixelPerfect", "Unity.2D.PixelPerfect.csproj", "{8CE0264B-BFE3-89BB-AE8F-C08985A44B27}"
EndProject
Project("{FAE04EC0-301F-11D3-BF4B-00C04F79EFBC}") = "Unity.2D.Common.Runtime", "Unity.2D.Common.Runtime.csproj", "{42397B37-C6AE-FFBA-E974-3B5CFACBCB53}"
EndProject
Project("{FAE04EC0-301F-11D3-BF4B-00C04F79EFBC}") = "Unity.InternalAPIEngineBridge.001", "Unity.InternalAPIEngineBridge.001.csproj", "{5ED20570-C82C-527D-FFAE-1AA66EC7123D}"
EndProject
Project("{FAE04EC0-301F-11D3-BF4B-00C04F79EFBC}") = "Unity.Timeline.Editor", "Unity.Timeline.Editor.csproj", "{68B01387-755A-441D-3129-B07B800D771D}"
EndProject
Project("{FAE04EC0-301F-11D3-BF4B-00C04F79EFBC}") = "Unity.TextMeshPro.Editor", "Unity.TextMeshPro.Editor.csproj", "{53357A8C-3262-4B06-984B-71663D91D0FF}"
EndProject
Project("{FAE04EC0-301F-11D3-BF4B-00C04F79EFBC}") = "Unity.2D.Animation.Editor", "Unity.2D.Animation.Editor.csproj", "{307AE591-0AED-982F-B0C1-251AE3A801E1}"
EndProject
Project("{FAE04EC0-301F-11D3-BF4B-00C04F79EFBC}") = "UnityEditor.TestRunner", "UnityEditor.TestRunner.csproj", "{1A247676-1B22-4C82-9A0C-B146BC06F645}"
EndProject
Project("{FAE04EC0-301F-11D3-BF4B-00C04F79EFBC}") = "Unity.PlasticSCM.Editor", "Unity.PlasticSCM.Editor.csproj", "{32325895-2235-E398-92D5-58AA0F8C2A12}"
EndProject
Project("{FAE04EC0-301F-11D3-BF4B-00C04F79EFBC}") = "UnityEditor.UI", "UnityEditor.UI.csproj", "{DC36DE34-3835-B9D0-0A42-5C4CDCB9CCDF}"
EndProject
Project("{FAE04EC0-301F-11D3-BF4B-00C04F79EFBC}") = "Unity.Services.Core.Editor", "Unity.Services.Core.Editor.csproj", "{9A331D69-4F7B-B473-0A4C-7FAA2316D9F3}"
EndProject
Project("{FAE04EC0-301F-11D3-BF4B-00C04F79EFBC}") = "Unity.VisualStudio.Editor", "Unity.VisualStudio.Editor.csproj", "{CF021CDC-DFB2-D4F9-6A31-4397D9304556}"
EndProject
Project("{FAE04EC0-301F-11D3-BF4B-00C04F79EFBC}") = "Unity.2D.Psdimporter.Editor", "Unity.2D.Psdimporter.Editor.csproj", "{87339C29-99EB-65B0-6256-845CED17802A}"
EndProject
Project("{FAE04EC0-301F-11D3-BF4B-00C04F79EFBC}") = "Unity.2D.SpriteShape.Editor", "Unity.2D.SpriteShape.Editor.csproj", "{65725419-4C14-F788-7348-C62573464A02}"
EndProject
Project("{FAE04EC0-301F-11D3-BF4B-00C04F79EFBC}") = "Unity.CollabProxy.Editor", "Unity.CollabProxy.Editor.csproj", "{BECF0F8E-F4BF-4E51-5F32-1A7BB6D86408}"
EndProject
Project("{FAE04EC0-301F-11D3-BF4B-00C04F79EFBC}") = "PsdPlugin", "PsdPlugin.csproj", "{9BB428F5-F87C-8CE2-2221-EC072C18D8E4}"
EndProject
Project("{FAE04EC0-301F-11D3-BF4B-00C04F79EFBC}") = "Unity.2D.Path.Editor", "Unity.2D.Path.Editor.csproj", "{521D876F-3292-EDAA-CA03-444B757D19F0}"
EndProject
Project("{FAE04EC0-301F-11D3-BF4B-00C04F79EFBC}") = "Unity.Rider.Editor", "Unity.Rider.Editor.csproj", "{ECD29B5E-F149-14A7-0C12-FEB64C8A6415}"
EndProject
Project("{FAE04EC0-301F-11D3-BF4B-00C04F79EFBC}") = "PackageToolsEditor", "PackageToolsEditor.csproj", "{1234FD23-7DC6-3768-8079-2BEC357E362E}"
EndProject
Project("{FAE04EC0-301F-11D3-BF4B-00C04F79EFBC}") = "Unity.2D.IK.Editor", "Unity.2D.IK.Editor.csproj", "{3BB0516D-6336-4442-6346-044A44FAFC3C}"
EndProject
Project("{FAE04EC0-301F-11D3-BF4B-00C04F79EFBC}") = "Unity.2D.Sprite.Editor", "Unity.2D.Sprite.Editor.csproj", "{92A50534-DF44-497C-77AB-7DE1F3758CA8}"
EndProject
Project("{FAE04EC0-301F-11D3-BF4B-00C04F79EFBC}") = "Unity.2D.Tilemap.Editor", "Unity.2D.Tilemap.Editor.csproj", "{B4290B32-CA77-C665-8C71-078B94B84412}"
EndProject
Project("{FAE04EC0-301F-11D3-BF4B-00C04F79EFBC}") = "Unity.2D.PixelPerfect.Editor", "Unity.2D.PixelPerfect.Editor.csproj", "{6DFB1F39-440A-A700-FB97-D794943E8EF0}"
EndProject
Project("{FAE04EC0-301F-11D3-BF4B-00C04F79EFBC}") = "Unity.VSCode.Editor", "Unity.VSCode.Editor.csproj", "{DB5C2F42-0EEE-42F4-1829-2E5890BA8DDA}"
EndProject
Project("{FAE04EC0-301F-11D3-BF4B-00C04F79EFBC}") = "AstarPathfindingProjectEditor", "AstarPathfindingProjectEditor.csproj", "{D31BF578-7894-2F60-D581-563D8AECAB92}"
EndProject
Project("{FAE04EC0-301F-11D3-BF4B-00C04F79EFBC}") = "Unity.2D.Common.Editor", "Unity.2D.Common.Editor.csproj", "{3A7A9141-DF10-4E3C-D619-4D5258692214}"
EndProject
Project("{FAE04EC0-301F-11D3-BF4B-00C04F79EFBC}") = "Unity.Mathematics.Editor", "Unity.Mathematics.Editor.csproj", "{D8DCD1FA-EB70-0D42-56B8-22BE3DAF8AA7}"
EndProject
Project("{FAE04EC0-301F-11D3-BF4B-00C04F79EFBC}") = "Unity.InternalAPIEditorBridge.001", "Unity.InternalAPIEditorBridge.001.csproj", "{42E84F3C-652B-1E3B-0F7B-8BF1ED2F8A13}"
EndProject
Project("{FAE04EC0-301F-11D3-BF4B-00C04F79EFBC}") = "UnityEngine.TestRunner", "UnityEngine.TestRunner.Player.csproj", "{1BE4C696-E4A9-9FD3-C3A8-FDB46AA340BF}"
EndProject
Project("{FAE04EC0-301F-11D3-BF4B-00C04F79EFBC}") = "Unity.Mathematics", "Unity.Mathematics.Player.csproj", "{72E1843A-72F7-8DBE-A513-CDDB1D573E11}"
EndProject
Project("{FAE04EC0-301F-11D3-BF4B-00C04F79EFBC}") = "Unity.InputSystem", "Unity.InputSystem.Player.csproj", "{71B632DD-D00A-8A74-85E7-AFFAC64C82EB}"
EndProject
Project("{FAE04EC0-301F-11D3-BF4B-00C04F79EFBC}") = "AstarPathfindingProject", "AstarPathfindingProject.Player.csproj", "{44732FCD-5B3A-0019-A69B-6409B7FEAD75}"
EndProject
Project("{FAE04EC0-301F-11D3-BF4B-00C04F79EFBC}") = "Unity.2D.Animation.Triangle.Runtime", "Unity.2D.Animation.Triangle.Runtime.Player.csproj", "{B3ADE7CB-4453-B8B7-F240-EA7513467742}"
EndProject
Project("{FAE04EC0-301F-11D3-BF4B-00C04F79EFBC}") = "Unity.Timeline", "Unity.Timeline.Player.csproj", "{78BAF88C-A478-D203-0C37-8359B9AD9C5F}"
EndProject
Project("{FAE04EC0-301F-11D3-BF4B-00C04F79EFBC}") = "UnityEngine.UI", "UnityEngine.UI.Player.csproj", "{C590FD4E-E106-2C61-4E56-E078C0B59F25}"
EndProject
Project("{FAE04EC0-301F-11D3-BF4B-00C04F79EFBC}") = "Unity.TextMeshPro", "Unity.TextMeshPro.Player.csproj", "{9D1ADFE1-063F-49DD-46DB-A9C1EF486FE7}"
EndProject
Project("{FAE04EC0-301F-11D3-BF4B-00C04F79EFBC}") = "Unity.2D.Animation.Runtime", "Unity.2D.Animation.Runtime.Player.csproj", "{08199E26-F65D-9B93-86B7-55D0E12D6A65}"
EndProject
Project("{FAE04EC0-301F-11D3-BF4B-00C04F79EFBC}") = "Assembly-CSharp", "Assembly-CSharp.Player.csproj", "{0CFAD6B2-4F0E-E11F-0556-47A4EF6717B6}"
EndProject
Project("{FAE04EC0-301F-11D3-BF4B-00C04F79EFBC}") = "Unity.2D.IK.Runtime", "Unity.2D.IK.Runtime.Player.csproj", "{CAEDBF5E-F057-BE45-4456-413D75EF48EF}"
EndProject
Project("{FAE04EC0-301F-11D3-BF4B-00C04F79EFBC}") = "Unity.2D.SpriteShape.Runtime", "Unity.2D.SpriteShape.Runtime.Player.csproj", "{DD69A0D9-49BB-012D-8EDB-E00EEBA53763}"
EndProject
Project("{FAE04EC0-301F-11D3-BF4B-00C04F79EFBC}") = "Unity.2D.PixelPerfect", "Unity.2D.PixelPerfect.Player.csproj", "{128CE6D7-0B81-90C9-12DD-5E931153364C}"
EndProject
Project("{FAE04EC0-301F-11D3-BF4B-00C04F79EFBC}") = "Unity.2D.Common.Runtime", "Unity.2D.Common.Runtime.Player.csproj", "{D9F66F0C-3587-D06C-C534-780DB447C208}"
EndProject
Project("{FAE04EC0-301F-11D3-BF4B-00C04F79EFBC}") = "Unity.InternalAPIEngineBridge.001", "Unity.InternalAPIEngineBridge.001.Player.csproj", "{BC77852C-A454-90AE-C665-267DBE142E67}"
EndProject
Global
	GlobalSection(SolutionConfigurationPlatforms) = preSolution
		Debug|Any CPU = Debug|Any CPU
		Release|Any CPU = Release|Any CPU
	EndGlobalSection
	GlobalSection(ProjectConfigurationPlatforms) = postSolution
		{6965E71B-C653-6DAA-F216-0A152A8A39C5}.Debug|Any CPU.ActiveCfg = Debug|Any CPU
		{6965E71B-C653-6DAA-F216-0A152A8A39C5}.Debug|Any CPU.Build.0 = Debug|Any CPU
		{6965E71B-C653-6DAA-F216-0A152A8A39C5}.Release|Any CPU.ActiveCfg = Release|Any CPU
		{6965E71B-C653-6DAA-F216-0A152A8A39C5}.Release|Any CPU.Build.0 = Release|Any CPU
		{F9BE86EF-CAE4-2A52-B39B-E25DCD5D3A95}.Debug|Any CPU.ActiveCfg = Debug|Any CPU
		{F9BE86EF-CAE4-2A52-B39B-E25DCD5D3A95}.Debug|Any CPU.Build.0 = Debug|Any CPU
		{F9BE86EF-CAE4-2A52-B39B-E25DCD5D3A95}.Release|Any CPU.ActiveCfg = Release|Any CPU
		{F9BE86EF-CAE4-2A52-B39B-E25DCD5D3A95}.Release|Any CPU.Build.0 = Release|Any CPU
		{095EC88D-5260-7468-5AAB-F2501D75764C}.Debug|Any CPU.ActiveCfg = Debug|Any CPU
		{095EC88D-5260-7468-5AAB-F2501D75764C}.Debug|Any CPU.Build.0 = Debug|Any CPU
		{095EC88D-5260-7468-5AAB-F2501D75764C}.Release|Any CPU.ActiveCfg = Release|Any CPU
		{095EC88D-5260-7468-5AAB-F2501D75764C}.Release|Any CPU.Build.0 = Release|Any CPU
		{5CC390AC-19FF-A5B3-910B-ACED71410EF5}.Debug|Any CPU.ActiveCfg = Debug|Any CPU
		{5CC390AC-19FF-A5B3-910B-ACED71410EF5}.Debug|Any CPU.Build.0 = Debug|Any CPU
		{5CC390AC-19FF-A5B3-910B-ACED71410EF5}.Release|Any CPU.ActiveCfg = Release|Any CPU
		{5CC390AC-19FF-A5B3-910B-ACED71410EF5}.Release|Any CPU.Build.0 = Release|Any CPU
		{120D8A90-D6AB-33C4-3DB0-6AAB9D108AF8}.Debug|Any CPU.ActiveCfg = Debug|Any CPU
		{120D8A90-D6AB-33C4-3DB0-6AAB9D108AF8}.Debug|Any CPU.Build.0 = Debug|Any CPU
		{120D8A90-D6AB-33C4-3DB0-6AAB9D108AF8}.Release|Any CPU.ActiveCfg = Release|Any CPU
		{120D8A90-D6AB-33C4-3DB0-6AAB9D108AF8}.Release|Any CPU.Build.0 = Release|Any CPU
		{4AC21E4A-DE57-3092-773B-50B0E9A42819}.Debug|Any CPU.ActiveCfg = Debug|Any CPU
		{4AC21E4A-DE57-3092-773B-50B0E9A42819}.Debug|Any CPU.Build.0 = Debug|Any CPU
		{4AC21E4A-DE57-3092-773B-50B0E9A42819}.Release|Any CPU.ActiveCfg = Release|Any CPU
		{4AC21E4A-DE57-3092-773B-50B0E9A42819}.Release|Any CPU.Build.0 = Release|Any CPU
		{49270429-3017-E224-92A4-06261CBF522B}.Debug|Any CPU.ActiveCfg = Debug|Any CPU
		{49270429-3017-E224-92A4-06261CBF522B}.Debug|Any CPU.Build.0 = Debug|Any CPU
		{49270429-3017-E224-92A4-06261CBF522B}.Release|Any CPU.ActiveCfg = Release|Any CPU
		{49270429-3017-E224-92A4-06261CBF522B}.Release|Any CPU.Build.0 = Release|Any CPU
		{91116483-168D-9610-8454-3FD8F496705F}.Debug|Any CPU.ActiveCfg = Debug|Any CPU
		{91116483-168D-9610-8454-3FD8F496705F}.Debug|Any CPU.Build.0 = Debug|Any CPU
		{91116483-168D-9610-8454-3FD8F496705F}.Release|Any CPU.ActiveCfg = Release|Any CPU
		{91116483-168D-9610-8454-3FD8F496705F}.Release|Any CPU.Build.0 = Release|Any CPU
		{ED65FE76-B8FE-4443-A2D7-7E3607675FD7}.Debug|Any CPU.ActiveCfg = Debug|Any CPU
		{ED65FE76-B8FE-4443-A2D7-7E3607675FD7}.Debug|Any CPU.Build.0 = Debug|Any CPU
		{ED65FE76-B8FE-4443-A2D7-7E3607675FD7}.Release|Any CPU.ActiveCfg = Release|Any CPU
		{ED65FE76-B8FE-4443-A2D7-7E3607675FD7}.Release|Any CPU.Build.0 = Release|Any CPU
		{5154518E-2744-5D9A-7526-CCD6A1DFC2EC}.Debug|Any CPU.ActiveCfg = Debug|Any CPU
		{5154518E-2744-5D9A-7526-CCD6A1DFC2EC}.Debug|Any CPU.Build.0 = Debug|Any CPU
		{5154518E-2744-5D9A-7526-CCD6A1DFC2EC}.Release|Any CPU.ActiveCfg = Release|Any CPU
		{5154518E-2744-5D9A-7526-CCD6A1DFC2EC}.Release|Any CPU.Build.0 = Release|Any CPU
		{7F49C262-90C9-30A9-EDE0-459F71294EA2}.Debug|Any CPU.ActiveCfg = Debug|Any CPU
		{7F49C262-90C9-30A9-EDE0-459F71294EA2}.Debug|Any CPU.Build.0 = Debug|Any CPU
		{7F49C262-90C9-30A9-EDE0-459F71294EA2}.Release|Any CPU.ActiveCfg = Release|Any CPU
		{7F49C262-90C9-30A9-EDE0-459F71294EA2}.Release|Any CPU.Build.0 = Release|Any CPU
		{F45B79DA-C0A7-789E-39A6-124246C705A0}.Debug|Any CPU.ActiveCfg = Debug|Any CPU
		{F45B79DA-C0A7-789E-39A6-124246C705A0}.Debug|Any CPU.Build.0 = Debug|Any CPU
		{F45B79DA-C0A7-789E-39A6-124246C705A0}.Release|Any CPU.ActiveCfg = Release|Any CPU
		{F45B79DA-C0A7-789E-39A6-124246C705A0}.Release|Any CPU.Build.0 = Release|Any CPU
		{8CE0264B-BFE3-89BB-AE8F-C08985A44B27}.Debug|Any CPU.ActiveCfg = Debug|Any CPU
		{8CE0264B-BFE3-89BB-AE8F-C08985A44B27}.Debug|Any CPU.Build.0 = Debug|Any CPU
		{8CE0264B-BFE3-89BB-AE8F-C08985A44B27}.Release|Any CPU.ActiveCfg = Release|Any CPU
		{8CE0264B-BFE3-89BB-AE8F-C08985A44B27}.Release|Any CPU.Build.0 = Release|Any CPU
		{42397B37-C6AE-FFBA-E974-3B5CFACBCB53}.Debug|Any CPU.ActiveCfg = Debug|Any CPU
		{42397B37-C6AE-FFBA-E974-3B5CFACBCB53}.Debug|Any CPU.Build.0 = Debug|Any CPU
		{42397B37-C6AE-FFBA-E974-3B5CFACBCB53}.Release|Any CPU.ActiveCfg = Release|Any CPU
		{42397B37-C6AE-FFBA-E974-3B5CFACBCB53}.Release|Any CPU.Build.0 = Release|Any CPU
		{5ED20570-C82C-527D-FFAE-1AA66EC7123D}.Debug|Any CPU.ActiveCfg = Debug|Any CPU
		{5ED20570-C82C-527D-FFAE-1AA66EC7123D}.Debug|Any CPU.Build.0 = Debug|Any CPU
		{5ED20570-C82C-527D-FFAE-1AA66EC7123D}.Release|Any CPU.ActiveCfg = Release|Any CPU
		{5ED20570-C82C-527D-FFAE-1AA66EC7123D}.Release|Any CPU.Build.0 = Release|Any CPU
		{68B01387-755A-441D-3129-B07B800D771D}.Debug|Any CPU.ActiveCfg = Debug|Any CPU
		{68B01387-755A-441D-3129-B07B800D771D}.Debug|Any CPU.Build.0 = Debug|Any CPU
		{68B01387-755A-441D-3129-B07B800D771D}.Release|Any CPU.ActiveCfg = Release|Any CPU
		{68B01387-755A-441D-3129-B07B800D771D}.Release|Any CPU.Build.0 = Release|Any CPU
		{53357A8C-3262-4B06-984B-71663D91D0FF}.Debug|Any CPU.ActiveCfg = Debug|Any CPU
		{53357A8C-3262-4B06-984B-71663D91D0FF}.Debug|Any CPU.Build.0 = Debug|Any CPU
		{53357A8C-3262-4B06-984B-71663D91D0FF}.Release|Any CPU.ActiveCfg = Release|Any CPU
		{53357A8C-3262-4B06-984B-71663D91D0FF}.Release|Any CPU.Build.0 = Release|Any CPU
		{307AE591-0AED-982F-B0C1-251AE3A801E1}.Debug|Any CPU.ActiveCfg = Debug|Any CPU
		{307AE591-0AED-982F-B0C1-251AE3A801E1}.Debug|Any CPU.Build.0 = Debug|Any CPU
		{307AE591-0AED-982F-B0C1-251AE3A801E1}.Release|Any CPU.ActiveCfg = Release|Any CPU
		{307AE591-0AED-982F-B0C1-251AE3A801E1}.Release|Any CPU.Build.0 = Release|Any CPU
		{1A247676-1B22-4C82-9A0C-B146BC06F645}.Debug|Any CPU.ActiveCfg = Debug|Any CPU
		{1A247676-1B22-4C82-9A0C-B146BC06F645}.Debug|Any CPU.Build.0 = Debug|Any CPU
		{1A247676-1B22-4C82-9A0C-B146BC06F645}.Release|Any CPU.ActiveCfg = Release|Any CPU
		{1A247676-1B22-4C82-9A0C-B146BC06F645}.Release|Any CPU.Build.0 = Release|Any CPU
		{32325895-2235-E398-92D5-58AA0F8C2A12}.Debug|Any CPU.ActiveCfg = Debug|Any CPU
		{32325895-2235-E398-92D5-58AA0F8C2A12}.Debug|Any CPU.Build.0 = Debug|Any CPU
		{32325895-2235-E398-92D5-58AA0F8C2A12}.Release|Any CPU.ActiveCfg = Release|Any CPU
		{32325895-2235-E398-92D5-58AA0F8C2A12}.Release|Any CPU.Build.0 = Release|Any CPU
		{DC36DE34-3835-B9D0-0A42-5C4CDCB9CCDF}.Debug|Any CPU.ActiveCfg = Debug|Any CPU
		{DC36DE34-3835-B9D0-0A42-5C4CDCB9CCDF}.Debug|Any CPU.Build.0 = Debug|Any CPU
		{DC36DE34-3835-B9D0-0A42-5C4CDCB9CCDF}.Release|Any CPU.ActiveCfg = Release|Any CPU
		{DC36DE34-3835-B9D0-0A42-5C4CDCB9CCDF}.Release|Any CPU.Build.0 = Release|Any CPU
		{9A331D69-4F7B-B473-0A4C-7FAA2316D9F3}.Debug|Any CPU.ActiveCfg = Debug|Any CPU
		{9A331D69-4F7B-B473-0A4C-7FAA2316D9F3}.Debug|Any CPU.Build.0 = Debug|Any CPU
		{9A331D69-4F7B-B473-0A4C-7FAA2316D9F3}.Release|Any CPU.ActiveCfg = Release|Any CPU
		{9A331D69-4F7B-B473-0A4C-7FAA2316D9F3}.Release|Any CPU.Build.0 = Release|Any CPU
		{CF021CDC-DFB2-D4F9-6A31-4397D9304556}.Debug|Any CPU.ActiveCfg = Debug|Any CPU
		{CF021CDC-DFB2-D4F9-6A31-4397D9304556}.Debug|Any CPU.Build.0 = Debug|Any CPU
		{CF021CDC-DFB2-D4F9-6A31-4397D9304556}.Release|Any CPU.ActiveCfg = Release|Any CPU
		{CF021CDC-DFB2-D4F9-6A31-4397D9304556}.Release|Any CPU.Build.0 = Release|Any CPU
		{87339C29-99EB-65B0-6256-845CED17802A}.Debug|Any CPU.ActiveCfg = Debug|Any CPU
		{87339C29-99EB-65B0-6256-845CED17802A}.Debug|Any CPU.Build.0 = Debug|Any CPU
		{87339C29-99EB-65B0-6256-845CED17802A}.Release|Any CPU.ActiveCfg = Release|Any CPU
		{87339C29-99EB-65B0-6256-845CED17802A}.Release|Any CPU.Build.0 = Release|Any CPU
		{65725419-4C14-F788-7348-C62573464A02}.Debug|Any CPU.ActiveCfg = Debug|Any CPU
		{65725419-4C14-F788-7348-C62573464A02}.Debug|Any CPU.Build.0 = Debug|Any CPU
		{65725419-4C14-F788-7348-C62573464A02}.Release|Any CPU.ActiveCfg = Release|Any CPU
		{65725419-4C14-F788-7348-C62573464A02}.Release|Any CPU.Build.0 = Release|Any CPU
		{BECF0F8E-F4BF-4E51-5F32-1A7BB6D86408}.Debug|Any CPU.ActiveCfg = Debug|Any CPU
		{BECF0F8E-F4BF-4E51-5F32-1A7BB6D86408}.Debug|Any CPU.Build.0 = Debug|Any CPU
		{BECF0F8E-F4BF-4E51-5F32-1A7BB6D86408}.Release|Any CPU.ActiveCfg = Release|Any CPU
		{BECF0F8E-F4BF-4E51-5F32-1A7BB6D86408}.Release|Any CPU.Build.0 = Release|Any CPU
		{9BB428F5-F87C-8CE2-2221-EC072C18D8E4}.Debug|Any CPU.ActiveCfg = Debug|Any CPU
		{9BB428F5-F87C-8CE2-2221-EC072C18D8E4}.Debug|Any CPU.Build.0 = Debug|Any CPU
		{9BB428F5-F87C-8CE2-2221-EC072C18D8E4}.Release|Any CPU.ActiveCfg = Release|Any CPU
		{9BB428F5-F87C-8CE2-2221-EC072C18D8E4}.Release|Any CPU.Build.0 = Release|Any CPU
		{521D876F-3292-EDAA-CA03-444B757D19F0}.Debug|Any CPU.ActiveCfg = Debug|Any CPU
		{521D876F-3292-EDAA-CA03-444B757D19F0}.Debug|Any CPU.Build.0 = Debug|Any CPU
		{521D876F-3292-EDAA-CA03-444B757D19F0}.Release|Any CPU.ActiveCfg = Release|Any CPU
		{521D876F-3292-EDAA-CA03-444B757D19F0}.Release|Any CPU.Build.0 = Release|Any CPU
		{ECD29B5E-F149-14A7-0C12-FEB64C8A6415}.Debug|Any CPU.ActiveCfg = Debug|Any CPU
		{ECD29B5E-F149-14A7-0C12-FEB64C8A6415}.Debug|Any CPU.Build.0 = Debug|Any CPU
		{ECD29B5E-F149-14A7-0C12-FEB64C8A6415}.Release|Any CPU.ActiveCfg = Release|Any CPU
		{ECD29B5E-F149-14A7-0C12-FEB64C8A6415}.Release|Any CPU.Build.0 = Release|Any CPU
		{1234FD23-7DC6-3768-8079-2BEC357E362E}.Debug|Any CPU.ActiveCfg = Debug|Any CPU
		{1234FD23-7DC6-3768-8079-2BEC357E362E}.Debug|Any CPU.Build.0 = Debug|Any CPU
		{1234FD23-7DC6-3768-8079-2BEC357E362E}.Release|Any CPU.ActiveCfg = Release|Any CPU
		{1234FD23-7DC6-3768-8079-2BEC357E362E}.Release|Any CPU.Build.0 = Release|Any CPU
		{3BB0516D-6336-4442-6346-044A44FAFC3C}.Debug|Any CPU.ActiveCfg = Debug|Any CPU
		{3BB0516D-6336-4442-6346-044A44FAFC3C}.Debug|Any CPU.Build.0 = Debug|Any CPU
		{3BB0516D-6336-4442-6346-044A44FAFC3C}.Release|Any CPU.ActiveCfg = Release|Any CPU
		{3BB0516D-6336-4442-6346-044A44FAFC3C}.Release|Any CPU.Build.0 = Release|Any CPU
		{92A50534-DF44-497C-77AB-7DE1F3758CA8}.Debug|Any CPU.ActiveCfg = Debug|Any CPU
		{92A50534-DF44-497C-77AB-7DE1F3758CA8}.Debug|Any CPU.Build.0 = Debug|Any CPU
		{92A50534-DF44-497C-77AB-7DE1F3758CA8}.Release|Any CPU.ActiveCfg = Release|Any CPU
		{92A50534-DF44-497C-77AB-7DE1F3758CA8}.Release|Any CPU.Build.0 = Release|Any CPU
		{B4290B32-CA77-C665-8C71-078B94B84412}.Debug|Any CPU.ActiveCfg = Debug|Any CPU
		{B4290B32-CA77-C665-8C71-078B94B84412}.Debug|Any CPU.Build.0 = Debug|Any CPU
		{B4290B32-CA77-C665-8C71-078B94B84412}.Release|Any CPU.ActiveCfg = Release|Any CPU
		{B4290B32-CA77-C665-8C71-078B94B84412}.Release|Any CPU.Build.0 = Release|Any CPU
		{6DFB1F39-440A-A700-FB97-D794943E8EF0}.Debug|Any CPU.ActiveCfg = Debug|Any CPU
		{6DFB1F39-440A-A700-FB97-D794943E8EF0}.Debug|Any CPU.Build.0 = Debug|Any CPU
		{6DFB1F39-440A-A700-FB97-D794943E8EF0}.Release|Any CPU.ActiveCfg = Release|Any CPU
		{6DFB1F39-440A-A700-FB97-D794943E8EF0}.Release|Any CPU.Build.0 = Release|Any CPU
		{DB5C2F42-0EEE-42F4-1829-2E5890BA8DDA}.Debug|Any CPU.ActiveCfg = Debug|Any CPU
		{DB5C2F42-0EEE-42F4-1829-2E5890BA8DDA}.Debug|Any CPU.Build.0 = Debug|Any CPU
		{DB5C2F42-0EEE-42F4-1829-2E5890BA8DDA}.Release|Any CPU.ActiveCfg = Release|Any CPU
		{DB5C2F42-0EEE-42F4-1829-2E5890BA8DDA}.Release|Any CPU.Build.0 = Release|Any CPU
		{D31BF578-7894-2F60-D581-563D8AECAB92}.Debug|Any CPU.ActiveCfg = Debug|Any CPU
		{D31BF578-7894-2F60-D581-563D8AECAB92}.Debug|Any CPU.Build.0 = Debug|Any CPU
		{D31BF578-7894-2F60-D581-563D8AECAB92}.Release|Any CPU.ActiveCfg = Release|Any CPU
		{D31BF578-7894-2F60-D581-563D8AECAB92}.Release|Any CPU.Build.0 = Release|Any CPU
		{3A7A9141-DF10-4E3C-D619-4D5258692214}.Debug|Any CPU.ActiveCfg = Debug|Any CPU
		{3A7A9141-DF10-4E3C-D619-4D5258692214}.Debug|Any CPU.Build.0 = Debug|Any CPU
		{3A7A9141-DF10-4E3C-D619-4D5258692214}.Release|Any CPU.ActiveCfg = Release|Any CPU
		{3A7A9141-DF10-4E3C-D619-4D5258692214}.Release|Any CPU.Build.0 = Release|Any CPU
		{D8DCD1FA-EB70-0D42-56B8-22BE3DAF8AA7}.Debug|Any CPU.ActiveCfg = Debug|Any CPU
		{D8DCD1FA-EB70-0D42-56B8-22BE3DAF8AA7}.Debug|Any CPU.Build.0 = Debug|Any CPU
		{D8DCD1FA-EB70-0D42-56B8-22BE3DAF8AA7}.Release|Any CPU.ActiveCfg = Release|Any CPU
		{D8DCD1FA-EB70-0D42-56B8-22BE3DAF8AA7}.Release|Any CPU.Build.0 = Release|Any CPU
		{42E84F3C-652B-1E3B-0F7B-8BF1ED2F8A13}.Debug|Any CPU.ActiveCfg = Debug|Any CPU
		{42E84F3C-652B-1E3B-0F7B-8BF1ED2F8A13}.Debug|Any CPU.Build.0 = Debug|Any CPU
		{42E84F3C-652B-1E3B-0F7B-8BF1ED2F8A13}.Release|Any CPU.ActiveCfg = Release|Any CPU
		{42E84F3C-652B-1E3B-0F7B-8BF1ED2F8A13}.Release|Any CPU.Build.0 = Release|Any CPU
		{1BE4C696-E4A9-9FD3-C3A8-FDB46AA340BF}.Debug|Any CPU.ActiveCfg = Debug|Any CPU
		{1BE4C696-E4A9-9FD3-C3A8-FDB46AA340BF}.Debug|Any CPU.Build.0 = Debug|Any CPU
		{1BE4C696-E4A9-9FD3-C3A8-FDB46AA340BF}.Release|Any CPU.ActiveCfg = Release|Any CPU
		{1BE4C696-E4A9-9FD3-C3A8-FDB46AA340BF}.Release|Any CPU.Build.0 = Release|Any CPU
		{72E1843A-72F7-8DBE-A513-CDDB1D573E11}.Debug|Any CPU.ActiveCfg = Debug|Any CPU
		{72E1843A-72F7-8DBE-A513-CDDB1D573E11}.Debug|Any CPU.Build.0 = Debug|Any CPU
		{72E1843A-72F7-8DBE-A513-CDDB1D573E11}.Release|Any CPU.ActiveCfg = Release|Any CPU
		{72E1843A-72F7-8DBE-A513-CDDB1D573E11}.Release|Any CPU.Build.0 = Release|Any CPU
		{71B632DD-D00A-8A74-85E7-AFFAC64C82EB}.Debug|Any CPU.ActiveCfg = Debug|Any CPU
		{71B632DD-D00A-8A74-85E7-AFFAC64C82EB}.Debug|Any CPU.Build.0 = Debug|Any CPU
		{71B632DD-D00A-8A74-85E7-AFFAC64C82EB}.Release|Any CPU.ActiveCfg = Release|Any CPU
		{71B632DD-D00A-8A74-85E7-AFFAC64C82EB}.Release|Any CPU.Build.0 = Release|Any CPU
		{44732FCD-5B3A-0019-A69B-6409B7FEAD75}.Debug|Any CPU.ActiveCfg = Debug|Any CPU
		{44732FCD-5B3A-0019-A69B-6409B7FEAD75}.Debug|Any CPU.Build.0 = Debug|Any CPU
		{44732FCD-5B3A-0019-A69B-6409B7FEAD75}.Release|Any CPU.ActiveCfg = Release|Any CPU
		{44732FCD-5B3A-0019-A69B-6409B7FEAD75}.Release|Any CPU.Build.0 = Release|Any CPU
		{B3ADE7CB-4453-B8B7-F240-EA7513467742}.Debug|Any CPU.ActiveCfg = Debug|Any CPU
		{B3ADE7CB-4453-B8B7-F240-EA7513467742}.Debug|Any CPU.Build.0 = Debug|Any CPU
		{B3ADE7CB-4453-B8B7-F240-EA7513467742}.Release|Any CPU.ActiveCfg = Release|Any CPU
		{B3ADE7CB-4453-B8B7-F240-EA7513467742}.Release|Any CPU.Build.0 = Release|Any CPU
		{78BAF88C-A478-D203-0C37-8359B9AD9C5F}.Debug|Any CPU.ActiveCfg = Debug|Any CPU
		{78BAF88C-A478-D203-0C37-8359B9AD9C5F}.Debug|Any CPU.Build.0 = Debug|Any CPU
		{78BAF88C-A478-D203-0C37-8359B9AD9C5F}.Release|Any CPU.ActiveCfg = Release|Any CPU
		{78BAF88C-A478-D203-0C37-8359B9AD9C5F}.Release|Any CPU.Build.0 = Release|Any CPU
		{C590FD4E-E106-2C61-4E56-E078C0B59F25}.Debug|Any CPU.ActiveCfg = Debug|Any CPU
		{C590FD4E-E106-2C61-4E56-E078C0B59F25}.Debug|Any CPU.Build.0 = Debug|Any CPU
		{C590FD4E-E106-2C61-4E56-E078C0B59F25}.Release|Any CPU.ActiveCfg = Release|Any CPU
		{C590FD4E-E106-2C61-4E56-E078C0B59F25}.Release|Any CPU.Build.0 = Release|Any CPU
		{9D1ADFE1-063F-49DD-46DB-A9C1EF486FE7}.Debug|Any CPU.ActiveCfg = Debug|Any CPU
		{9D1ADFE1-063F-49DD-46DB-A9C1EF486FE7}.Debug|Any CPU.Build.0 = Debug|Any CPU
		{9D1ADFE1-063F-49DD-46DB-A9C1EF486FE7}.Release|Any CPU.ActiveCfg = Release|Any CPU
		{9D1ADFE1-063F-49DD-46DB-A9C1EF486FE7}.Release|Any CPU.Build.0 = Release|Any CPU
		{08199E26-F65D-9B93-86B7-55D0E12D6A65}.Debug|Any CPU.ActiveCfg = Debug|Any CPU
		{08199E26-F65D-9B93-86B7-55D0E12D6A65}.Debug|Any CPU.Build.0 = Debug|Any CPU
		{08199E26-F65D-9B93-86B7-55D0E12D6A65}.Release|Any CPU.ActiveCfg = Release|Any CPU
		{08199E26-F65D-9B93-86B7-55D0E12D6A65}.Release|Any CPU.Build.0 = Release|Any CPU
		{0CFAD6B2-4F0E-E11F-0556-47A4EF6717B6}.Debug|Any CPU.ActiveCfg = Debug|Any CPU
		{0CFAD6B2-4F0E-E11F-0556-47A4EF6717B6}.Debug|Any CPU.Build.0 = Debug|Any CPU
		{0CFAD6B2-4F0E-E11F-0556-47A4EF6717B6}.Release|Any CPU.ActiveCfg = Release|Any CPU
		{0CFAD6B2-4F0E-E11F-0556-47A4EF6717B6}.Release|Any CPU.Build.0 = Release|Any CPU
		{CAEDBF5E-F057-BE45-4456-413D75EF48EF}.Debug|Any CPU.ActiveCfg = Debug|Any CPU
		{CAEDBF5E-F057-BE45-4456-413D75EF48EF}.Debug|Any CPU.Build.0 = Debug|Any CPU
		{CAEDBF5E-F057-BE45-4456-413D75EF48EF}.Release|Any CPU.ActiveCfg = Release|Any CPU
		{CAEDBF5E-F057-BE45-4456-413D75EF48EF}.Release|Any CPU.Build.0 = Release|Any CPU
		{DD69A0D9-49BB-012D-8EDB-E00EEBA53763}.Debug|Any CPU.ActiveCfg = Debug|Any CPU
		{DD69A0D9-49BB-012D-8EDB-E00EEBA53763}.Debug|Any CPU.Build.0 = Debug|Any CPU
		{DD69A0D9-49BB-012D-8EDB-E00EEBA53763}.Release|Any CPU.ActiveCfg = Release|Any CPU
		{DD69A0D9-49BB-012D-8EDB-E00EEBA53763}.Release|Any CPU.Build.0 = Release|Any CPU
		{128CE6D7-0B81-90C9-12DD-5E931153364C}.Debug|Any CPU.ActiveCfg = Debug|Any CPU
		{128CE6D7-0B81-90C9-12DD-5E931153364C}.Debug|Any CPU.Build.0 = Debug|Any CPU
		{128CE6D7-0B81-90C9-12DD-5E931153364C}.Release|Any CPU.ActiveCfg = Release|Any CPU
		{128CE6D7-0B81-90C9-12DD-5E931153364C}.Release|Any CPU.Build.0 = Release|Any CPU
		{D9F66F0C-3587-D06C-C534-780DB447C208}.Debug|Any CPU.ActiveCfg = Debug|Any CPU
		{D9F66F0C-3587-D06C-C534-780DB447C208}.Debug|Any CPU.Build.0 = Debug|Any CPU
		{D9F66F0C-3587-D06C-C534-780DB447C208}.Release|Any CPU.ActiveCfg = Release|Any CPU
		{D9F66F0C-3587-D06C-C534-780DB447C208}.Release|Any CPU.Build.0 = Release|Any CPU
		{BC77852C-A454-90AE-C665-267DBE142E67}.Debug|Any CPU.ActiveCfg = Debug|Any CPU
		{BC77852C-A454-90AE-C665-267DBE142E67}.Debug|Any CPU.Build.0 = Debug|Any CPU
		{BC77852C-A454-90AE-C665-267DBE142E67}.Release|Any CPU.ActiveCfg = Release|Any CPU
		{BC77852C-A454-90AE-C665-267DBE142E67}.Release|Any CPU.Build.0 = Release|Any CPU
	EndGlobalSection
	GlobalSection(SolutionProperties) = preSolution
		HideSolutionNode = FALSE
	EndGlobalSection
EndGlobal
